{
  "name": "angular-electron-bootstrap-jquery",
  "version": "1.0.0",
  "lockfileVersion": 1,
  "dependencies": {
    "@angular/animations": {
      "version": "4.3.1",
      "resolved": "https://registry.npmjs.org/@angular/animations/-/animations-4.3.1.tgz",
      "integrity": "sha1-H34LuAPvwhxggkbmdlocZH89Gl8="
    },
    "@angular/common": {
      "version": "4.3.1",
      "resolved": "https://registry.npmjs.org/@angular/common/-/common-4.3.1.tgz",
      "integrity": "sha1-Jg9IenzcoybENr0+qVFceX3i/3I="
    },
    "@angular/compiler": {
      "version": "4.3.1",
      "resolved": "https://registry.npmjs.org/@angular/compiler/-/compiler-4.3.1.tgz",
      "integrity": "sha1-OiTUns8BrCtuB/Y+N4uP+OJX/gk="
    },
    "@angular/core": {
      "version": "4.3.1",
      "resolved": "https://registry.npmjs.org/@angular/core/-/core-4.3.1.tgz",
      "integrity": "sha1-qdCn1kS5YmBnQmm2iaBP7qYyqNM="
    },
    "@angular/forms": {
      "version": "4.3.1",
      "resolved": "https://registry.npmjs.org/@angular/forms/-/forms-4.3.1.tgz",
      "integrity": "sha1-M5FNossUZDD/kBRx5oLHZlRiLf4="
    },
    "@angular/http": {
      "version": "4.3.1",
      "resolved": "https://registry.npmjs.org/@angular/http/-/http-4.3.1.tgz",
      "integrity": "sha1-5PZh90ZxHojsvqdqPJBbq/l9MVo="
    },
    "@angular/platform-browser": {
      "version": "4.3.1",
      "resolved": "https://registry.npmjs.org/@angular/platform-browser/-/platform-browser-4.3.1.tgz",
      "integrity": "sha1-23J7Bu7WS9pd7+xxgV2yak2i9pA="
    },
    "@angular/platform-browser-dynamic": {
      "version": "4.3.1",
      "resolved": "https://registry.npmjs.org/@angular/platform-browser-dynamic/-/platform-browser-dynamic-4.3.1.tgz",
      "integrity": "sha1-hANNpgqC7zbn7/2ns63m5kWzMLM="
    },
    "@angular/platform-server": {
      "version": "4.3.1",
      "resolved": "https://registry.npmjs.org/@angular/platform-server/-/platform-server-4.3.1.tgz",
      "integrity": "sha1-O5FfxAE8apR6jBR7TbAnmwJZNus="
    },
    "@angular/router": {
      "version": "4.3.1",
      "resolved": "https://registry.npmjs.org/@angular/router/-/router-4.3.1.tgz",
      "integrity": "sha1-UhnURSYVbYFgZYQRJ2EBZaAVtFA="
    },
    "@types/node": {
      "version": "6.0.85",
      "resolved": "https://registry.npmjs.org/@types/node/-/node-6.0.85.tgz",
      "integrity": "sha512-6qLZpfQFO/g5Ns2e7RsW6brk0Q6Xzwiw7kVVU/XiQNOiJXSojhX76GP457PBYIsNMH2WfcGgcnZB4awFDHrwpA=="
    },
    "bootstrap": {
      "version": "4.0.0-alpha.6",
      "resolved": "https://registry.npmjs.org/bootstrap/-/bootstrap-4.0.0-alpha.6.tgz",
      "integrity": "sha1-T1TdM6wN6sOyhAe8LffsYIhpycg="
    },
    "core-js": {
      "version": "2.4.1",
      "resolved": "https://registry.npmjs.org/core-js/-/core-js-2.4.1.tgz",
      "integrity": "sha1-TekR5mew6ukSTjQlS1OupvxhjT4="
    },
    "jquery": {
      "version": "3.2.1",
      "resolved": "https://registry.npmjs.org/jquery/-/jquery-3.2.1.tgz",
      "integrity": "sha1-XE2d5lKvbNCncBVKYxu6ErAVx4c="
    },
    "parse5": {
      "version": "3.0.2",
      "resolved": "https://registry.npmjs.org/parse5/-/parse5-3.0.2.tgz",
      "integrity": "sha1-Be/1fw70V3+xRKefi5qWemzERRA="
    },
    "rxjs": {
      "version": "5.4.2",
      "resolved": "https://registry.npmjs.org/rxjs/-/rxjs-5.4.2.tgz",
      "integrity": "sha1-KjI2/L8D31e64G/Wly/ZnlwI/Pc="
    },
    "symbol-observable": {
      "version": "1.0.4",
      "resolved": "https://registry.npmjs.org/symbol-observable/-/symbol-observable-1.0.4.tgz",
      "integrity": "sha1-Kb9hXUqnEhvdiYsi1LP5vE4qoD0="
    },
    "tether": {
      "version": "1.4.0",
      "resolved": "https://registry.npmjs.org/tether/-/tether-1.4.0.tgz",
      "integrity": "sha1-D5+hcfdb9YSF2BSelHmdeudNHBo="
    },
    "tslib": {
      "version": "1.7.1",
      "resolved": "https://registry.npmjs.org/tslib/-/tslib-1.7.1.tgz",
      "integrity": "sha1-vIAEFkaRkjp5/oN4u+s9ogF1OOw="
    },
    "xhr2": {
      "version": "0.1.4",
      "resolved": "https://registry.npmjs.org/xhr2/-/xhr2-0.1.4.tgz",
      "integrity": "sha1-f4dliEdxbbUCYyOBL4GMras4el8="
    },
    "zone.js": {
      "version": "0.8.14",
      "resolved": "https://registry.npmjs.org/zone.js/-/zone.js-0.8.14.tgz",
      "integrity": "sha1-DE2ySxeCMidMy0P3jJnbfzZCts8="
    }
  }
}
